// !$*UTF8*$!
{
	archiveVersion = 1;
	classes = {
	};
	objectVersion = 50;
	objects = {

/* Begin PBXBuildFile section */
		281803CA2330D6D70019A496 /* AppDelegate.swift in Sources */ = {isa = PBXBuildFile; fileRef = 281803C92330D6D70019A496 /* AppDelegate.swift */; };
		281803CF2330D6D70019A496 /* Main.storyboard in Resources */ = {isa = PBXBuildFile; fileRef = 281803CD2330D6D70019A496 /* Main.storyboard */; };
		281803D12330D6D80019A496 /* Assets.xcassets in Resources */ = {isa = PBXBuildFile; fileRef = 281803D02330D6D80019A496 /* Assets.xcassets */; };
		281803D92330D7100019A496 /* HomeViewController.swift in Sources */ = {isa = PBXBuildFile; fileRef = 281803D82330D7100019A496 /* HomeViewController.swift */; };
		281803DD2330D8A50019A496 /* LoginViewController.swift in Sources */ = {isa = PBXBuildFile; fileRef = 281803DC2330D8A50019A496 /* LoginViewController.swift */; };
		281803ED233106B70019A496 /* Types.swift in Sources */ = {isa = PBXBuildFile; fileRef = 281803EC233106B70019A496 /* Types.swift */; };
		2824D045233F99B0004E63D4 /* Playback.swift in Sources */ = {isa = PBXBuildFile; fileRef = 2824D044233F99B0004E63D4 /* Playback.swift */; };
		2833C8B923409647008C7034 /* OverlayViewController.swift in Sources */ = {isa = PBXBuildFile; fileRef = 2833C8B723409647008C7034 /* OverlayViewController.swift */; };
		2833C8BA23409647008C7034 /* OverlayViewController.xib in Resources */ = {isa = PBXBuildFile; fileRef = 2833C8B823409647008C7034 /* OverlayViewController.xib */; };
		2873C5F3233B64D800D54538 /* Login.swift in Sources */ = {isa = PBXBuildFile; fileRef = 2873C5F2233B64D800D54538 /* Login.swift */; };
		2873C5F5233ED2FC00D54538 /* Rubik-Bold.ttf in Resources */ = {isa = PBXBuildFile; fileRef = 2873C5F4233ED2FC00D54538 /* Rubik-Bold.ttf */; };
		2873C5F7233F4E6900D54538 /* AccountViewController.swift in Sources */ = {isa = PBXBuildFile; fileRef = 2873C5F6233F4E6900D54538 /* AccountViewController.swift */; };
		28B7AF782334E64400EC9478 /* EventOccurrence.swift in Sources */ = {isa = PBXBuildFile; fileRef = 28B7AF772334E64400EC9478 /* EventOccurrence.swift */; };
		28B7AF7B2334E6C800EC9478 /* VideoItemCell.swift in Sources */ = {isa = PBXBuildFile; fileRef = 28B7AF7A2334E6C800EC9478 /* VideoItemCell.swift */; };
		28B7AF7D2334E6E700EC9478 /* SessionOccurrence.swift in Sources */ = {isa = PBXBuildFile; fileRef = 28B7AF7C2334E6E700EC9478 /* SessionOccurrence.swift */; };
		28B7AF7F2334E72400EC9478 /* Episode.swift in Sources */ = {isa = PBXBuildFile; fileRef = 28B7AF7E2334E72400EC9478 /* Episode.swift */; };
		28B7AF812334E75700EC9478 /* GPHeader.swift in Sources */ = {isa = PBXBuildFile; fileRef = 28B7AF802334E75700EC9478 /* GPHeader.swift */; };
		28BFB1EB23353D7A000FF955 /* VOD.swift in Sources */ = {isa = PBXBuildFile; fileRef = 28BFB1EA23353D7A000FF955 /* VOD.swift */; };
/* End PBXBuildFile section */

/* Begin PBXFileReference section */
		281803C62330D6D60019A496 /* F1TVUnofficial.app */ = {isa = PBXFileReference; explicitFileType = wrapper.application; includeInIndex = 0; path = F1TVUnofficial.app; sourceTree = BUILT_PRODUCTS_DIR; };
		281803C92330D6D70019A496 /* AppDelegate.swift */ = {isa = PBXFileReference; lastKnownFileType = sourcecode.swift; path = AppDelegate.swift; sourceTree = "<group>"; };
		281803CE2330D6D70019A496 /* Base */ = {isa = PBXFileReference; lastKnownFileType = file.storyboard; name = Base; path = Base.lproj/Main.storyboard; sourceTree = "<group>"; };
		281803D02330D6D80019A496 /* Assets.xcassets */ = {isa = PBXFileReference; lastKnownFileType = folder.assetcatalog; path = Assets.xcassets; sourceTree = "<group>"; };
		281803D22330D6D80019A496 /* Info.plist */ = {isa = PBXFileReference; lastKnownFileType = text.plist.xml; path = Info.plist; sourceTree = "<group>"; };
		281803D82330D7100019A496 /* HomeViewController.swift */ = {isa = PBXFileReference; lastKnownFileType = sourcecode.swift; path = HomeViewController.swift; sourceTree = "<group>"; };
		281803DC2330D8A50019A496 /* LoginViewController.swift */ = {isa = PBXFileReference; lastKnownFileType = sourcecode.swift; path = LoginViewController.swift; sourceTree = "<group>"; };
		281803EC233106B70019A496 /* Types.swift */ = {isa = PBXFileReference; lastKnownFileType = sourcecode.swift; name = Types.swift; path = ../Types.swift; sourceTree = "<group>"; };
		2824D044233F99B0004E63D4 /* Playback.swift */ = {isa = PBXFileReference; lastKnownFileType = sourcecode.swift; path = Playback.swift; sourceTree = "<group>"; };
		2833C8B723409647008C7034 /* OverlayViewController.swift */ = {isa = PBXFileReference; lastKnownFileType = sourcecode.swift; path = OverlayViewController.swift; sourceTree = "<group>"; };
		2833C8B823409647008C7034 /* OverlayViewController.xib */ = {isa = PBXFileReference; lastKnownFileType = file.xib; path = OverlayViewController.xib; sourceTree = "<group>"; };
		2873C5F2233B64D800D54538 /* Login.swift */ = {isa = PBXFileReference; lastKnownFileType = sourcecode.swift; path = Login.swift; sourceTree = "<group>"; };
		2873C5F4233ED2FC00D54538 /* Rubik-Bold.ttf */ = {isa = PBXFileReference; lastKnownFileType = file; path = "Rubik-Bold.ttf"; sourceTree = "<group>"; };
		2873C5F6233F4E6900D54538 /* AccountViewController.swift */ = {isa = PBXFileReference; lastKnownFileType = sourcecode.swift; path = AccountViewController.swift; sourceTree = "<group>"; };
		28B7AF772334E64400EC9478 /* EventOccurrence.swift */ = {isa = PBXFileReference; lastKnownFileType = sourcecode.swift; path = EventOccurrence.swift; sourceTree = "<group>"; };
		28B7AF7A2334E6C800EC9478 /* VideoItemCell.swift */ = {isa = PBXFileReference; fileEncoding = 4; lastKnownFileType = sourcecode.swift; path = VideoItemCell.swift; sourceTree = "<group>"; };
		28B7AF7C2334E6E700EC9478 /* SessionOccurrence.swift */ = {isa = PBXFileReference; lastKnownFileType = sourcecode.swift; path = SessionOccurrence.swift; sourceTree = "<group>"; };
		28B7AF7E2334E72400EC9478 /* Episode.swift */ = {isa = PBXFileReference; lastKnownFileType = sourcecode.swift; path = Episode.swift; sourceTree = "<group>"; };
		28B7AF802334E75700EC9478 /* GPHeader.swift */ = {isa = PBXFileReference; lastKnownFileType = sourcecode.swift; path = GPHeader.swift; sourceTree = "<group>"; };
		28BFB1EA23353D7A000FF955 /* VOD.swift */ = {isa = PBXFileReference; lastKnownFileType = sourcecode.swift; path = VOD.swift; sourceTree = "<group>"; };
/* End PBXFileReference section */

/* Begin PBXFrameworksBuildPhase section */
		281803C32330D6D60019A496 /* Frameworks */ = {
			isa = PBXFrameworksBuildPhase;
			buildActionMask = 2147483647;
			files = (
			);
			runOnlyForDeploymentPostprocessing = 0;
		};
/* End PBXFrameworksBuildPhase section */

/* Begin PBXGroup section */
		281803BD2330D6D60019A496 = {
			isa = PBXGroup;
			children = (
				281803C82330D6D60019A496 /* F1TVUnofficial */,
				281803C72330D6D60019A496 /* Products */,
			);
			sourceTree = "<group>";
		};
		281803C72330D6D60019A496 /* Products */ = {
			isa = PBXGroup;
			children = (
				281803C62330D6D60019A496 /* F1TVUnofficial.app */,
			);
			name = Products;
			sourceTree = "<group>";
		};
		281803C82330D6D60019A496 /* F1TVUnofficial */ = {
			isa = PBXGroup;
			children = (
				28B7AF792334E6C800EC9478 /* Components */,
				281803E02330E8960019A496 /* Fonts */,
				281803C92330D6D70019A496 /* AppDelegate.swift */,
				281803CD2330D6D70019A496 /* Main.storyboard */,
				281803D02330D6D80019A496 /* Assets.xcassets */,
				281803D22330D6D80019A496 /* Info.plist */,
				281803DB2330D71F0019A496 /* Views */,
				28B7AF762334E5EF00EC9478 /* Types */,
			);
			path = F1TVUnofficial;
			sourceTree = "<group>";
		};
		281803DB2330D71F0019A496 /* Views */ = {
			isa = PBXGroup;
			children = (
				281803DC2330D8A50019A496 /* LoginViewController.swift */,
				281803D82330D7100019A496 /* HomeViewController.swift */,
				2873C5F6233F4E6900D54538 /* AccountViewController.swift */,
				2833C8B723409647008C7034 /* OverlayViewController.swift */,
				2833C8B823409647008C7034 /* OverlayViewController.xib */,
			);
			path = Views;
			sourceTree = "<group>";
		};
		281803E02330E8960019A496 /* Fonts */ = {
			isa = PBXGroup;
			children = (
				2873C5F4233ED2FC00D54538 /* Rubik-Bold.ttf */,
			);
			path = Fonts;
			sourceTree = "<group>";
		};
		28B7AF762334E5EF00EC9478 /* Types */ = {
			isa = PBXGroup;
			children = (
				281803EC233106B70019A496 /* Types.swift */,
				28B7AF772334E64400EC9478 /* EventOccurrence.swift */,
				28B7AF7C2334E6E700EC9478 /* SessionOccurrence.swift */,
				28B7AF7E2334E72400EC9478 /* Episode.swift */,
				28B7AF802334E75700EC9478 /* GPHeader.swift */,
				28BFB1EA23353D7A000FF955 /* VOD.swift */,
				2873C5F2233B64D800D54538 /* Login.swift */,
				2824D044233F99B0004E63D4 /* Playback.swift */,
			);
			path = Types;
			sourceTree = "<group>";
		};
		28B7AF792334E6C800EC9478 /* Components */ = {
			isa = PBXGroup;
			children = (
				28B7AF7A2334E6C800EC9478 /* VideoItemCell.swift */,
			);
			path = Components;
			sourceTree = "<group>";
		};
/* End PBXGroup section */

/* Begin PBXNativeTarget section */
		281803C52330D6D60019A496 /* F1TVUnofficial */ = {
			isa = PBXNativeTarget;
			buildConfigurationList = 281803D52330D6D80019A496 /* Build configuration list for PBXNativeTarget "F1TVUnofficial" */;
			buildPhases = (
				281803C22330D6D60019A496 /* Sources */,
				281803C32330D6D60019A496 /* Frameworks */,
				281803C42330D6D60019A496 /* Resources */,
			);
			buildRules = (
			);
			dependencies = (
			);
			name = F1TVUnofficial;
			productName = F1TVUnofficial;
			productReference = 281803C62330D6D60019A496 /* F1TVUnofficial.app */;
			productType = "com.apple.product-type.application";
		};
/* End PBXNativeTarget section */

/* Begin PBXProject section */
		281803BE2330D6D60019A496 /* Project object */ = {
			isa = PBXProject;
			attributes = {
				LastSwiftUpdateCheck = 1030;
				LastUpgradeCheck = 1030;
				ORGANIZATIONNAME = "Markus Ort";
				TargetAttributes = {
					281803C52330D6D60019A496 = {
						CreatedOnToolsVersion = 10.3;
					};
				};
			};
			buildConfigurationList = 281803C12330D6D60019A496 /* Build configuration list for PBXProject "F1TVUnofficial" */;
			compatibilityVersion = "Xcode 9.3";
			developmentRegion = en;
			hasScannedForEncodings = 0;
			knownRegions = (
				en,
				Base,
			);
			mainGroup = 281803BD2330D6D60019A496;
			productRefGroup = 281803C72330D6D60019A496 /* Products */;
			projectDirPath = "";
			projectRoot = "";
			targets = (
				281803C52330D6D60019A496 /* F1TVUnofficial */,
			);
		};
/* End PBXProject section */

/* Begin PBXResourcesBuildPhase section */
		281803C42330D6D60019A496 /* Resources */ = {
			isa = PBXResourcesBuildPhase;
			buildActionMask = 2147483647;
			files = (
				281803D12330D6D80019A496 /* Assets.xcassets in Resources */,
				2873C5F5233ED2FC00D54538 /* Rubik-Bold.ttf in Resources */,
				281803CF2330D6D70019A496 /* Main.storyboard in Resources */,
				2833C8BA23409647008C7034 /* OverlayViewController.xib in Resources */,
			);
			runOnlyForDeploymentPostprocessing = 0;
		};
/* End PBXResourcesBuildPhase section */

/* Begin PBXSourcesBuildPhase section */
		281803C22330D6D60019A496 /* Sources */ = {
			isa = PBXSourcesBuildPhase;
			buildActionMask = 2147483647;
			files = (
				281803DD2330D8A50019A496 /* LoginViewController.swift in Sources */,
				2873C5F3233B64D800D54538 /* Login.swift in Sources */,
				2873C5F7233F4E6900D54538 /* AccountViewController.swift in Sources */,
				281803ED233106B70019A496 /* Types.swift in Sources */,
				281803CA2330D6D70019A496 /* AppDelegate.swift in Sources */,
				28BFB1EB23353D7A000FF955 /* VOD.swift in Sources */,
				281803D92330D7100019A496 /* HomeViewController.swift in Sources */,
				2824D045233F99B0004E63D4 /* Playback.swift in Sources */,
				28B7AF782334E64400EC9478 /* EventOccurrence.swift in Sources */,
				2833C8B923409647008C7034 /* OverlayViewController.swift in Sources */,
				28B7AF7B2334E6C800EC9478 /* VideoItemCell.swift in Sources */,
				28B7AF7F2334E72400EC9478 /* Episode.swift in Sources */,
				28B7AF7D2334E6E700EC9478 /* SessionOccurrence.swift in Sources */,
				28B7AF812334E75700EC9478 /* GPHeader.swift in Sources */,
			);
			runOnlyForDeploymentPostprocessing = 0;
		};
/* End PBXSourcesBuildPhase section */

/* Begin PBXVariantGroup section */
		281803CD2330D6D70019A496 /* Main.storyboard */ = {
			isa = PBXVariantGroup;
			children = (
				281803CE2330D6D70019A496 /* Base */,
			);
			name = Main.storyboard;
			sourceTree = "<group>";
		};
/* End PBXVariantGroup section */

/* Begin XCBuildConfiguration section */
		281803D32330D6D80019A496 /* Debug */ = {
			isa = XCBuildConfiguration;
			buildSettings = {
				ALWAYS_SEARCH_USER_PATHS = NO;
				CLANG_ANALYZER_NONNULL = YES;
				CLANG_ANALYZER_NUMBER_OBJECT_CONVERSION = YES_AGGRESSIVE;
				CLANG_CXX_LANGUAGE_STANDARD = "gnu++14";
				CLANG_CXX_LIBRARY = "libc++";
				CLANG_ENABLE_MODULES = YES;
				CLANG_ENABLE_OBJC_ARC = YES;
				CLANG_ENABLE_OBJC_WEAK = YES;
				CLANG_WARN_BLOCK_CAPTURE_AUTORELEASING = YES;
				CLANG_WARN_BOOL_CONVERSION = YES;
				CLANG_WARN_COMMA = YES;
				CLANG_WARN_CONSTANT_CONVERSION = YES;
				CLANG_WARN_DEPRECATED_OBJC_IMPLEMENTATIONS = YES;
				CLANG_WARN_DIRECT_OBJC_ISA_USAGE = YES_ERROR;
				CLANG_WARN_DOCUMENTATION_COMMENTS = YES;
				CLANG_WARN_EMPTY_BODY = YES;
				CLANG_WARN_ENUM_CONVERSION = YES;
				CLANG_WARN_INFINITE_RECURSION = YES;
				CLANG_WARN_INT_CONVERSION = YES;
				CLANG_WARN_NON_LITERAL_NULL_CONVERSION = YES;
				CLANG_WARN_OBJC_IMPLICIT_RETAIN_SELF = YES;
				CLANG_WARN_OBJC_LITERAL_CONVERSION = YES;
				CLANG_WARN_OBJC_ROOT_CLASS = YES_ERROR;
				CLANG_WARN_RANGE_LOOP_ANALYSIS = YES;
				CLANG_WARN_STRICT_PROTOTYPES = YES;
				CLANG_WARN_SUSPICIOUS_MOVE = YES;
				CLANG_WARN_UNGUARDED_AVAILABILITY = YES_AGGRESSIVE;
				CLANG_WARN_UNREACHABLE_CODE = YES;
				CLANG_WARN__DUPLICATE_METHOD_MATCH = YES;
				COPY_PHASE_STRIP = NO;
				DEBUG_INFORMATION_FORMAT = dwarf;
				ENABLE_STRICT_OBJC_MSGSEND = YES;
				ENABLE_TESTABILITY = YES;
				GCC_C_LANGUAGE_STANDARD = gnu11;
				GCC_DYNAMIC_NO_PIC = NO;
				GCC_NO_COMMON_BLOCKS = YES;
				GCC_OPTIMIZATION_LEVEL = 0;
				GCC_PREPROCESSOR_DEFINITIONS = (
					"DEBUG=1",
					"$(inherited)",
				);
				GCC_WARN_64_TO_32_BIT_CONVERSION = YES;
				GCC_WARN_ABOUT_RETURN_TYPE = YES_ERROR;
				GCC_WARN_UNDECLARED_SELECTOR = YES;
				GCC_WARN_UNINITIALIZED_AUTOS = YES_AGGRESSIVE;
				GCC_WARN_UNUSED_FUNCTION = YES;
				GCC_WARN_UNUSED_VARIABLE = YES;
				MTL_ENABLE_DEBUG_INFO = INCLUDE_SOURCE;
				MTL_FAST_MATH = YES;
				ONLY_ACTIVE_ARCH = YES;
				SDKROOT = appletvos;
				SWIFT_ACTIVE_COMPILATION_CONDITIONS = DEBUG;
				SWIFT_OPTIMIZATION_LEVEL = "-Onone";
				TVOS_DEPLOYMENT_TARGET = 12.4;
			};
			name = Debug;
		};
		281803D42330D6D80019A496 /* Release */ = {
			isa = XCBuildConfiguration;
			buildSettings = {
				ALWAYS_SEARCH_USER_PATHS = NO;
				CLANG_ANALYZER_NONNULL = YES;
				CLANG_ANALYZER_NUMBER_OBJECT_CONVERSION = YES_AGGRESSIVE;
				CLANG_CXX_LANGUAGE_STANDARD = "gnu++14";
				CLANG_CXX_LIBRARY = "libc++";
				CLANG_ENABLE_MODULES = YES;
				CLANG_ENABLE_OBJC_ARC = YES;
				CLANG_ENABLE_OBJC_WEAK = YES;
				CLANG_WARN_BLOCK_CAPTURE_AUTORELEASING = YES;
				CLANG_WARN_BOOL_CONVERSION = YES;
				CLANG_WARN_COMMA = YES;
				CLANG_WARN_CONSTANT_CONVERSION = YES;
				CLANG_WARN_DEPRECATED_OBJC_IMPLEMENTATIONS = YES;
				CLANG_WARN_DIRECT_OBJC_ISA_USAGE = YES_ERROR;
				CLANG_WARN_DOCUMENTATION_COMMENTS = YES;
				CLANG_WARN_EMPTY_BODY = YES;
				CLANG_WARN_ENUM_CONVERSION = YES;
				CLANG_WARN_INFINITE_RECURSION = YES;
				CLANG_WARN_INT_CONVERSION = YES;
				CLANG_WARN_NON_LITERAL_NULL_CONVERSION = YES;
				CLANG_WARN_OBJC_IMPLICIT_RETAIN_SELF = YES;
				CLANG_WARN_OBJC_LITERAL_CONVERSION = YES;
				CLANG_WARN_OBJC_ROOT_CLASS = YES_ERROR;
				CLANG_WARN_RANGE_LOOP_ANALYSIS = YES;
				CLANG_WARN_STRICT_PROTOTYPES = YES;
				CLANG_WARN_SUSPICIOUS_MOVE = YES;
				CLANG_WARN_UNGUARDED_AVAILABILITY = YES_AGGRESSIVE;
				CLANG_WARN_UNREACHABLE_CODE = YES;
				CLANG_WARN__DUPLICATE_METHOD_MATCH = YES;
				COPY_PHASE_STRIP = NO;
				DEBUG_INFORMATION_FORMAT = "dwarf-with-dsym";
				ENABLE_NS_ASSERTIONS = NO;
				ENABLE_STRICT_OBJC_MSGSEND = YES;
				GCC_C_LANGUAGE_STANDARD = gnu11;
				GCC_NO_COMMON_BLOCKS = YES;
				GCC_WARN_64_TO_32_BIT_CONVERSION = YES;
				GCC_WARN_ABOUT_RETURN_TYPE = YES_ERROR;
				GCC_WARN_UNDECLARED_SELECTOR = YES;
				GCC_WARN_UNINITIALIZED_AUTOS = YES_AGGRESSIVE;
				GCC_WARN_UNUSED_FUNCTION = YES;
				GCC_WARN_UNUSED_VARIABLE = YES;
				MTL_ENABLE_DEBUG_INFO = NO;
				MTL_FAST_MATH = YES;
				SDKROOT = appletvos;
				SWIFT_COMPILATION_MODE = wholemodule;
				SWIFT_OPTIMIZATION_LEVEL = "-O";
				TVOS_DEPLOYMENT_TARGET = 12.4;
				VALIDATE_PRODUCT = YES;
			};
			name = Release;
		};
		281803D62330D6D80019A496 /* Debug */ = {
			isa = XCBuildConfiguration;
			buildSettings = {
				ASSETCATALOG_COMPILER_APPICON_NAME = AppIcon;
				ASSETCATALOG_COMPILER_LAUNCHIMAGE_NAME = LaunchImage;
				CODE_SIGN_STYLE = Automatic;
				CURRENT_PROJECT_VERSION = 2;
				DEVELOPMENT_TEAM = 3S8578M54Y;
				INFOPLIST_FILE = F1TVUnofficial/Info.plist;
				LD_RUNPATH_SEARCH_PATHS = (
					"$(inherited)",
					"@executable_path/Frameworks",
				);
				MARKETING_VERSION = 1.0.1;
				PRODUCT_BUNDLE_IDENTIFIER = com.markusort.foneunofficial;
				PRODUCT_NAME = "$(TARGET_NAME)";
				SWIFT_VERSION = 5.0;
				TARGETED_DEVICE_FAMILY = 3;
				TVOS_DEPLOYMENT_TARGET = 12.4;
			};
			name = Debug;
		};
		281803D72330D6D80019A496 /* Release */ = {
			isa = XCBuildConfiguration;
			buildSettings = {
				ASSETCATALOG_COMPILER_APPICON_NAME = AppIcon;
				ASSETCATALOG_COMPILER_LAUNCHIMAGE_NAME = LaunchImage;
				CODE_SIGN_STYLE = Automatic;
				CURRENT_PROJECT_VERSION = 2;
				DEVELOPMENT_TEAM = 3S8578M54Y;
				INFOPLIST_FILE = F1TVUnofficial/Info.plist;
				LD_RUNPATH_SEARCH_PATHS = (
					"$(inherited)",
					"@executable_path/Frameworks",
				);
				MARKETING_VERSION = 1.0.1;
				PRODUCT_BUNDLE_IDENTIFIER = com.markusort.foneunofficial;
				PRODUCT_NAME = "$(TARGET_NAME)";
				SWIFT_VERSION = 5.0;
				TARGETED_DEVICE_FAMILY = 3;
				TVOS_DEPLOYMENT_TARGET = 12.4;
			};
			name = Release;
		};
/* End XCBuildConfiguration section */

/* Begin XCConfigurationList section */
		281803C12330D6D60019A496 /* Build configuration list for PBXProject "F1TVUnofficial" */ = {
			isa = XCConfigurationList;
			buildConfigurations = (
				281803D32330D6D80019A496 /* Debug */,
				281803D42330D6D80019A496 /* Release */,
			);
			defaultConfigurationIsVisible = 0;
			defaultConfigurationName = Release;
		};
		281803D52330D6D80019A496 /* Build configuration list for PBXNativeTarget "F1TVUnofficial" */ = {
			isa = XCConfigurationList;
			buildConfigurations = (
				281803D62330D6D80019A496 /* Debug */,
				281803D72330D6D80019A496 /* Release */,
			);
			defaultConfigurationIsVisible = 0;
			defaultConfigurationName = Release;
		};
/* End XCConfigurationList section */
	};
	rootObject = 281803BE2330D6D60019A496 /* Project object */;
}
